// !$*UTF8*$!
{
	archiveVersion = 1;
	classes = {
	};
	objectVersion = 48;
	objects = {

/* Begin PBXBuildFile section */
		7CE2E85F2112EDB0002F8223 /* BullsEye.html in Resources */ = {isa = PBXBuildFile; fileRef = 7CE2E85E2112EDB0002F8223 /* BullsEye.html */; };
		7CE2E8612113461C002F8223 /* AboutMe.html in Resources */ = {isa = PBXBuildFile; fileRef = 7CE2E8602113461C002F8223 /* AboutMe.html */; };
		7CE6EAA221115BA700535369 /* AppDelegate.swift in Sources */ = {isa = PBXBuildFile; fileRef = 7CE6EAA121115BA700535369 /* AppDelegate.swift */; };
		7CE6EAA421115BA700535369 /* ViewController.swift in Sources */ = {isa = PBXBuildFile; fileRef = 7CE6EAA321115BA700535369 /* ViewController.swift */; };
		7CE6EAA721115BA700535369 /* Main.storyboard in Resources */ = {isa = PBXBuildFile; fileRef = 7CE6EAA521115BA700535369 /* Main.storyboard */; };
		7CE6EAA921115BA700535369 /* Assets.xcassets in Resources */ = {isa = PBXBuildFile; fileRef = 7CE6EAA821115BA700535369 /* Assets.xcassets */; };
		7CE6EAAC21115BA700535369 /* LaunchScreen.storyboard in Resources */ = {isa = PBXBuildFile; fileRef = 7CE6EAAA21115BA700535369 /* LaunchScreen.storyboard */; };
		7CE6EAB42112B1E500535369 /* AboutViewController.swift in Sources */ = {isa = PBXBuildFile; fileRef = 7CE6EAB32112B1E500535369 /* AboutViewController.swift */; };
		7CE6EAB62112B5F600535369 /* AboutMeViewController.swift in Sources */ = {isa = PBXBuildFile; fileRef = 7CE6EAB52112B5F600535369 /* AboutMeViewController.swift */; };
/* End PBXBuildFile section */

/* Begin PBXFileReference section */
		7CE2E85E2112EDB0002F8223 /* BullsEye.html */ = {isa = PBXFileReference; fileEncoding = 4; lastKnownFileType = text.html; path = BullsEye.html; sourceTree = "<group>"; };
		7CE2E8602113461C002F8223 /* AboutMe.html */ = {isa = PBXFileReference; fileEncoding = 4; lastKnownFileType = text.html; path = AboutMe.html; sourceTree = "<group>"; };
		7CE6EA9E21115BA700535369 /* Bulls' Eye.app */ = {isa = PBXFileReference; explicitFileType = wrapper.application; includeInIndex = 0; path = "Bulls' Eye.app"; sourceTree = BUILT_PRODUCTS_DIR; };
		7CE6EAA121115BA700535369 /* AppDelegate.swift */ = {isa = PBXFileReference; lastKnownFileType = sourcecode.swift; path = AppDelegate.swift; sourceTree = "<group>"; };
		7CE6EAA321115BA700535369 /* ViewController.swift */ = {isa = PBXFileReference; lastKnownFileType = sourcecode.swift; path = ViewController.swift; sourceTree = "<group>"; };
		7CE6EAA621115BA700535369 /* Base */ = {isa = PBXFileReference; lastKnownFileType = file.storyboard; name = Base; path = Base.lproj/Main.storyboard; sourceTree = "<group>"; };
		7CE6EAA821115BA700535369 /* Assets.xcassets */ = {isa = PBXFileReference; lastKnownFileType = folder.assetcatalog; path = Assets.xcassets; sourceTree = "<group>"; };
		7CE6EAAB21115BA700535369 /* Base */ = {isa = PBXFileReference; lastKnownFileType = file.storyboard; name = Base; path = Base.lproj/LaunchScreen.storyboard; sourceTree = "<group>"; };
		7CE6EAAD21115BA700535369 /* Info.plist */ = {isa = PBXFileReference; lastKnownFileType = text.plist.xml; path = Info.plist; sourceTree = "<group>"; };
		7CE6EAB32112B1E500535369 /* AboutViewController.swift */ = {isa = PBXFileReference; lastKnownFileType = sourcecode.swift; path = AboutViewController.swift; sourceTree = "<group>"; };
		7CE6EAB52112B5F600535369 /* AboutMeViewController.swift */ = {isa = PBXFileReference; lastKnownFileType = sourcecode.swift; path = AboutMeViewController.swift; sourceTree = "<group>"; };
/* End PBXFileReference section */

/* Begin PBXFrameworksBuildPhase section */
		7CE6EA9B21115BA700535369 /* Frameworks */ = {
			isa = PBXFrameworksBuildPhase;
			buildActionMask = 2147483647;
			files = (
			);
			runOnlyForDeploymentPostprocessing = 0;
		};
/* End PBXFrameworksBuildPhase section */

/* Begin PBXGroup section */
		7CE6EA9521115BA700535369 = {
			isa = PBXGroup;
			children = (
				7CE6EAA021115BA700535369 /* Bulls' Eye */,
				7CE6EA9F21115BA700535369 /* Products */,
			);
			sourceTree = "<group>";
		};
		7CE6EA9F21115BA700535369 /* Products */ = {
			isa = PBXGroup;
			children = (
				7CE6EA9E21115BA700535369 /* Bulls' Eye.app */,
			);
			name = Products;
			sourceTree = "<group>";
		};
		7CE6EAA021115BA700535369 /* Bulls' Eye */ = {
			isa = PBXGroup;
			children = (
				7CE2E8602113461C002F8223 /* AboutMe.html */,
				7CE2E85E2112EDB0002F8223 /* BullsEye.html */,
				7CE6EAA121115BA700535369 /* AppDelegate.swift */,
				7CE6EAA321115BA700535369 /* ViewController.swift */,
				7CE6EAA521115BA700535369 /* Main.storyboard */,
				7CE6EAB52112B5F600535369 /* AboutMeViewController.swift */,
				7CE6EAB32112B1E500535369 /* AboutViewController.swift */,
				7CE6EAA821115BA700535369 /* Assets.xcassets */,
				7CE6EAAA21115BA700535369 /* LaunchScreen.storyboard */,
				7CE6EAAD21115BA700535369 /* Info.plist */,
			);
			path = "Bulls' Eye";
			sourceTree = "<group>";
		};
/* End PBXGroup section */

/* Begin PBXNativeTarget section */
		7CE6EA9D21115BA700535369 /* Bulls' Eye */ = {
			isa = PBXNativeTarget;
			buildConfigurationList = 7CE6EAB021115BA700535369 /* Build configuration list for PBXNativeTarget "Bulls' Eye" */;
			buildPhases = (
				7CE6EA9A21115BA700535369 /* Sources */,
				7CE6EA9B21115BA700535369 /* Frameworks */,
				7CE6EA9C21115BA700535369 /* Resources */,
			);
			buildRules = (
			);
			dependencies = (
			);
			name = "Bulls' Eye";
			productName = "Bulls' Eye";
			productReference = 7CE6EA9E21115BA700535369 /* Bulls' Eye.app */;
			productType = "com.apple.product-type.application";
		};
/* End PBXNativeTarget section */

/* Begin PBXProject section */
		7CE6EA9621115BA700535369 /* Project object */ = {
			isa = PBXProject;
			attributes = {
				LastSwiftUpdateCheck = 0920;
				LastUpgradeCheck = 0920;
				ORGANIZATIONNAME = "Pratik Gupta";
				TargetAttributes = {
					7CE6EA9D21115BA700535369 = {
						CreatedOnToolsVersion = 9.2;
						ProvisioningStyle = Automatic;
					};
				};
			};
			buildConfigurationList = 7CE6EA9921115BA700535369 /* Build configuration list for PBXProject "Bulls' Eye" */;
			compatibilityVersion = "Xcode 8.0";
			developmentRegion = en;
			hasScannedForEncodings = 0;
			knownRegions = (
				en,
				Base,
			);
			mainGroup = 7CE6EA9521115BA700535369;
			productRefGroup = 7CE6EA9F21115BA700535369 /* Products */;
			projectDirPath = "";
			projectRoot = "";
			targets = (
				7CE6EA9D21115BA700535369 /* Bulls' Eye */,
			);
		};
/* End PBXProject section */

/* Begin PBXResourcesBuildPhase section */
		7CE6EA9C21115BA700535369 /* Resources */ = {
			isa = PBXResourcesBuildPhase;
			buildActionMask = 2147483647;
			files = (
				7CE6EAAC21115BA700535369 /* LaunchScreen.storyboard in Resources */,
				7CE2E85F2112EDB0002F8223 /* BullsEye.html in Resources */,
				7CE6EAA921115BA700535369 /* Assets.xcassets in Resources */,
				7CE6EAA721115BA700535369 /* Main.storyboard in Resources */,
				7CE2E8612113461C002F8223 /* AboutMe.html in Resources */,
			);
			runOnlyForDeploymentPostprocessing = 0;
		};
/* End PBXResourcesBuildPhase section */

/* Begin PBXSourcesBuildPhase section */
		7CE6EA9A21115BA700535369 /* Sources */ = {
			isa = PBXSourcesBuildPhase;
			buildActionMask = 2147483647;
			files = (
				7CE6EAB42112B1E500535369 /* AboutViewController.swift in Sources */,
				7CE6EAA421115BA700535369 /* ViewController.swift in Sources */,
				7CE6EAB62112B5F600535369 /* AboutMeViewController.swift in Sources */,
				7CE6EAA221115BA700535369 /* AppDelegate.swift in Sources */,
			);
			runOnlyForDeploymentPostprocessing = 0;
		};
/* End PBXSourcesBuildPhase section */

/* Begin PBXVariantGroup section */
		7CE6EAA521115BA700535369 /* Main.storyboard */ = {
			isa = PBXVariantGroup;
			children = (
				7CE6EAA621115BA700535369 /* Base */,
			);
			name = Main.storyboard;
			sourceTree = "<group>";
		};
		7CE6EAAA21115BA700535369 /* LaunchScreen.storyboard */ = {
			isa = PBXVariantGroup;
			children = (
				7CE6EAAB21115BA700535369 /* Base */,
			);
			name = LaunchScreen.storyboard;
			sourceTree = "<group>";
		};
/* End PBXVariantGroup section */

/* Begin XCBuildConfiguration section */
		7CE6EAAE21115BA700535369 /* Debug */ = {
			isa = XCBuildConfiguration;
			buildSettings = {
				ALWAYS_SEARCH_USER_PATHS = NO;
				CLANG_ANALYZER_NONNULL = YES;
				CLANG_ANALYZER_NUMBER_OBJECT_CONVERSION = YES_AGGRESSIVE;
				CLANG_CXX_LANGUAGE_STANDARD = "gnu++14";
				CLANG_CXX_LIBRARY = "libc++";
				CLANG_ENABLE_MODULES = YES;
				CLANG_ENABLE_OBJC_ARC = YES;
				CLANG_WARN_BLOCK_CAPTURE_AUTORELEASING = YES;
				CLANG_WARN_BOOL_CONVERSION = YES;
				CLANG_WARN_COMMA = YES;
				CLANG_WARN_CONSTANT_CONVERSION = YES;
				CLANG_WARN_DIRECT_OBJC_ISA_USAGE = YES_ERROR;
				CLANG_WARN_DOCUMENTATION_COMMENTS = YES;
				CLANG_WARN_EMPTY_BODY = YES;
				CLANG_WARN_ENUM_CONVERSION = YES;
				CLANG_WARN_INFINITE_RECURSION = YES;
				CLANG_WARN_INT_CONVERSION = YES;
				CLANG_WARN_NON_LITERAL_NULL_CONVERSION = YES;
				CLANG_WARN_OBJC_LITERAL_CONVERSION = YES;
				CLANG_WARN_OBJC_ROOT_CLASS = YES_ERROR;
				CLANG_WARN_RANGE_LOOP_ANALYSIS = YES;
				CLANG_WARN_STRICT_PROTOTYPES = YES;
				CLANG_WARN_SUSPICIOUS_MOVE = YES;
				CLANG_WARN_UNGUARDED_AVAILABILITY = YES_AGGRESSIVE;
				CLANG_WARN_UNREACHABLE_CODE = YES;
				CLANG_WARN__DUPLICATE_METHOD_MATCH = YES;
				CODE_SIGN_IDENTITY = "iPhone Developer";
				COPY_PHASE_STRIP = NO;
				DEBUG_INFORMATION_FORMAT = dwarf;
				ENABLE_STRICT_OBJC_MSGSEND = YES;
				ENABLE_TESTABILITY = YES;
				GCC_C_LANGUAGE_STANDARD = gnu11;
				GCC_DYNAMIC_NO_PIC = NO;
				GCC_NO_COMMON_BLOCKS = YES;
				GCC_OPTIMIZATION_LEVEL = 0;
				GCC_PREPROCESSOR_DEFINITIONS = (
					"DEBUG=1",
					"$(inherited)",
				);
				GCC_WARN_64_TO_32_BIT_CONVERSION = YES;
				GCC_WARN_ABOUT_RETURN_TYPE = YES_ERROR;
				GCC_WARN_UNDECLARED_SELECTOR = YES;
				GCC_WARN_UNINITIALIZED_AUTOS = YES_AGGRESSIVE;
				GCC_WARN_UNUSED_FUNCTION = YES;
				GCC_WARN_UNUSED_VARIABLE = YES;
				IPHONEOS_DEPLOYMENT_TARGET = 11.2;
				MTL_ENABLE_DEBUG_INFO = YES;
				ONLY_ACTIVE_ARCH = YES;
				SDKROOT = iphoneos;
				SWIFT_ACTIVE_COMPILATION_CONDITIONS = DEBUG;
				SWIFT_OPTIMIZATION_LEVEL = "-Onone";
			};
			name = Debug;
		};
		7CE6EAAF21115BA700535369 /* Release */ = {
			isa = XCBuildConfiguration;
			buildSettings = {
				ALWAYS_SEARCH_USER_PATHS = NO;
				CLANG_ANALYZER_NONNULL = YES;
				CLANG_ANALYZER_NUMBER_OBJECT_CONVERSION = YES_AGGRESSIVE;
				CLANG_CXX_LANGUAGE_STANDARD = "gnu++14";
				CLANG_CXX_LIBRARY = "libc++";
				CLANG_ENABLE_MODULES = YES;
				CLANG_ENABLE_OBJC_ARC = YES;
				CLANG_WARN_BLOCK_CAPTURE_AUTORELEASING = YES;
				CLANG_WARN_BOOL_CONVERSION = YES;
				CLANG_WARN_COMMA = YES;
				CLANG_WARN_CONSTANT_CONVERSION = YES;
				CLANG_WARN_DIRECT_OBJC_ISA_USAGE = YES_ERROR;
				CLANG_WARN_DOCUMENTATION_COMMENTS = YES;
				CLANG_WARN_EMPTY_BODY = YES;
				CLANG_WARN_ENUM_CONVERSION = YES;
				CLANG_WARN_INFINITE_RECURSION = YES;
				CLANG_WARN_INT_CONVERSION = YES;
				CLANG_WARN_NON_LITERAL_NULL_CONVERSION = YES;
				CLANG_WARN_OBJC_LITERAL_CONVERSION = YES;
				CLANG_WARN_OBJC_ROOT_CLASS = YES_ERROR;
				CLANG_WARN_RANGE_LOOP_ANALYSIS = YES;
				CLANG_WARN_STRICT_PROTOTYPES = YES;
				CLANG_WARN_SUSPICIOUS_MOVE = YES;
				CLANG_WARN_UNGUARDED_AVAILABILITY = YES_AGGRESSIVE;
				CLANG_WARN_UNREACHABLE_CODE = YES;
				CLANG_WARN__DUPLICATE_METHOD_MATCH = YES;
				CODE_SIGN_IDENTITY = "iPhone Developer";
				COPY_PHASE_STRIP = NO;
				DEBUG_INFORMATION_FORMAT = "dwarf-with-dsym";
				ENABLE_NS_ASSERTIONS = NO;
				ENABLE_STRICT_OBJC_MSGSEND = YES;
				GCC_C_LANGUAGE_STANDARD = gnu11;
				GCC_NO_COMMON_BLOCKS = YES;
				GCC_WARN_64_TO_32_BIT_CONVERSION = YES;
				GCC_WARN_ABOUT_RETURN_TYPE = YES_ERROR;
				GCC_WARN_UNDECLARED_SELECTOR = YES;
				GCC_WARN_UNINITIALIZED_AUTOS = YES_AGGRESSIVE;
				GCC_WARN_UNUSED_FUNCTION = YES;
				GCC_WARN_UNUSED_VARIABLE = YES;
				IPHONEOS_DEPLOYMENT_TARGET = 11.2;
				MTL_ENABLE_DEBUG_INFO = NO;
				SDKROOT = iphoneos;
				SWIFT_OPTIMIZATION_LEVEL = "-Owholemodule";
				VALIDATE_PRODUCT = YES;
			};
			name = Release;
		};
		7CE6EAB121115BA700535369 /* Debug */ = {
			isa = XCBuildConfiguration;
			buildSettings = {
				ASSETCATALOG_COMPILER_APPICON_NAME = AppIcon;
				CODE_SIGN_STYLE = Automatic;
				INFOPLIST_FILE = "Bulls' Eye/Info.plist";
				LD_RUNPATH_SEARCH_PATHS = "$(inherited) @executable_path/Frameworks";
				PRODUCT_BUNDLE_IDENTIFIER = "com.Pratik.Bulls--Eye";
				PRODUCT_NAME = "$(TARGET_NAME)";
				SWIFT_VERSION = 4.0;
				TARGETED_DEVICE_FAMILY = "1,2";
			};
			name = Debug;
		};
		7CE6EAB221115BA700535369 /* Release */ = {
			isa = XCBuildConfiguration;
			buildSettings = {
				ASSETCATALOG_COMPILER_APPICON_NAME = AppIcon;
				CODE_SIGN_STYLE = Automatic;
				INFOPLIST_FILE = "Bulls' Eye/Info.plist";
				LD_RUNPATH_SEARCH_PATHS = "$(inherited) @executable_path/Frameworks";
				PRODUCT_BUNDLE_IDENTIFIER = "com.Pratik.Bulls--Eye";
				PRODUCT_NAME = "$(TARGET_NAME)";
				SWIFT_VERSION = 4.0;
				TARGETED_DEVICE_FAMILY = "1,2";
			};
			name = Release;
		};
/* End XCBuildConfiguration section */

/* Begin XCConfigurationList section */
		7CE6EA9921115BA700535369 /* Build configuration list for PBXProject "Bulls' Eye" */ = {
			isa = XCConfigurationList;
			buildConfigurations = (
				7CE6EAAE21115BA700535369 /* Debug */,
				7CE6EAAF21115BA700535369 /* Release */,
			);
			defaultConfigurationIsVisible = 0;
			defaultConfigurationName = Release;
		};
		7CE6EAB021115BA700535369 /* Build configuration list for PBXNativeTarget "Bulls' Eye" */ = {
			isa = XCConfigurationList;
			buildConfigurations = (
				7CE6EAB121115BA700535369 /* Debug */,
				7CE6EAB221115BA700535369 /* Release */,
			);
			defaultConfigurationIsVisible = 0;
			defaultConfigurationName = Release;
		};
/* End XCConfigurationList section */
	};
	rootObject = 7CE6EA9621115BA700535369 /* Project object */;
}
